
Microsoft Visual Studio Solution File, Format Version 12.00
# Visual Studio Version 17
VisualStudioVersion = 17.11.35327.3
MinimumVisualStudioVersion = 10.0.40219.1
Project("{FAE04EC0-301F-11D3-BF4B-00C04F79EFBC}") = "Week9Lists", "Week9Lists\Week9Lists.csproj", "{5684E622-A753-4FA9-A558-BFA0BEDCF291}"
EndProject
Global
	GlobalSection(SolutionConfigurationPlatforms) = preSolution
		Debug|Any CPU = Debug|Any CPU
		Release|Any CPU = Release|Any CPU
	EndGlobalSection
	GlobalSection(ProjectConfigurationPlatforms) = postSolution
		{5684E622-A753-4FA9-A558-BFA0BEDCF291}.Debug|Any CPU.ActiveCfg = Debug|Any CPU
		{5684E622-A753-4FA9-A558-BFA0BEDCF291}.Debug|Any CPU.Build.0 = Debug|Any CPU
		{5684E622-A753-4FA9-A558-BFA0BEDCF291}.Release|Any CPU.ActiveCfg = Release|Any CPU
		{5684E622-A753-4FA9-A558-BFA0BEDCF291}.Release|Any CPU.Build.0 = Release|Any CPU
	EndGlobalSection
	GlobalSection(SolutionProperties) = preSolution
		HideSolutionNode = FALSE
	EndGlobalSection
	GlobalSection(ExtensibilityGlobals) = postSolution
		SolutionGuid = {2BDC4B00-1AA9-4DF5-9F63-B1DB6D8BB178}
	EndGlobalSection
EndGlobal
